
Microsoft Visual Studio Solution File, Format Version 12.00
# Visual Studio 14
VisualStudioVersion = 14.0.24720.0
MinimumVisualStudioVersion = 10.0.40219.1
Project("{FAE04EC0-301F-11D3-BF4B-00C04F79EFBC}") = "ProfitManager.Fabrica", "ProfitManager.Factory\ProfitManager.Fabrica.csproj", "{D91E6D2A-28CD-44F8-A824-3FFAEFD98853}"
EndProject
Project("{FAE04EC0-301F-11D3-BF4B-00C04F79EFBC}") = "ProfitManager.Negocio", "ProfitManager.Negocio\ProfitManager.Negocio.csproj", "{1876C876-D262-4C77-B6B1-677C56576B64}"
EndProject
Project("{FAE04EC0-301F-11D3-BF4B-00C04F79EFBC}") = "ProfitManager.Web", "ProfitManager.Web\ProfitManager.Web.csproj", "{E7D5C258-0D75-49FB-8776-D54802085C78}"
EndProject
Project("{FAE04EC0-301F-11D3-BF4B-00C04F79EFBC}") = "ProfitManager.KalubServico", "ProfitManager.KalubServico\ProfitManager.KalubServico.csproj", "{52DA1915-F058-4633-8A95-B2D461E11E32}"
EndProject
Global
	GlobalSection(SolutionConfigurationPlatforms) = preSolution
		Debug|Any CPU = Debug|Any CPU
		Release|Any CPU = Release|Any CPU
	EndGlobalSection
	GlobalSection(ProjectConfigurationPlatforms) = postSolution
		{D91E6D2A-28CD-44F8-A824-3FFAEFD98853}.Debug|Any CPU.ActiveCfg = Debug|Any CPU
		{D91E6D2A-28CD-44F8-A824-3FFAEFD98853}.Debug|Any CPU.Build.0 = Debug|Any CPU
		{D91E6D2A-28CD-44F8-A824-3FFAEFD98853}.Release|Any CPU.ActiveCfg = Release|Any CPU
		{D91E6D2A-28CD-44F8-A824-3FFAEFD98853}.Release|Any CPU.Build.0 = Release|Any CPU
		{1876C876-D262-4C77-B6B1-677C56576B64}.Debug|Any CPU.ActiveCfg = Debug|Any CPU
		{1876C876-D262-4C77-B6B1-677C56576B64}.Debug|Any CPU.Build.0 = Debug|Any CPU
		{1876C876-D262-4C77-B6B1-677C56576B64}.Release|Any CPU.ActiveCfg = Release|Any CPU
		{1876C876-D262-4C77-B6B1-677C56576B64}.Release|Any CPU.Build.0 = Release|Any CPU
		{E7D5C258-0D75-49FB-8776-D54802085C78}.Debug|Any CPU.ActiveCfg = Debug|Any CPU
		{E7D5C258-0D75-49FB-8776-D54802085C78}.Debug|Any CPU.Build.0 = Debug|Any CPU
		{E7D5C258-0D75-49FB-8776-D54802085C78}.Release|Any CPU.ActiveCfg = Release|Any CPU
		{E7D5C258-0D75-49FB-8776-D54802085C78}.Release|Any CPU.Build.0 = Release|Any CPU
		{52DA1915-F058-4633-8A95-B2D461E11E32}.Debug|Any CPU.ActiveCfg = Debug|Any CPU
		{52DA1915-F058-4633-8A95-B2D461E11E32}.Debug|Any CPU.Build.0 = Debug|Any CPU
		{52DA1915-F058-4633-8A95-B2D461E11E32}.Release|Any CPU.ActiveCfg = Release|Any CPU
		{52DA1915-F058-4633-8A95-B2D461E11E32}.Release|Any CPU.Build.0 = Release|Any CPU
	EndGlobalSection
	GlobalSection(SolutionProperties) = preSolution
		HideSolutionNode = FALSE
	EndGlobalSection
	GlobalSection(ExtensibilityGlobals) = postSolution
		VisualSVNWorkingCopyRoot = .
	EndGlobalSection
EndGlobal
